// !$*UTF8*$!
{
	archiveVersion = 1;
	classes = {
	};
	objectVersion = 56;
	objects = {

/* Begin PBXBuildFile section */
		766C128A2AACAAC900468262 /* AppDelegate.swift in Sources */ = {isa = PBXBuildFile; fileRef = 766C12892AACAAC900468262 /* AppDelegate.swift */; };
		766C128C2AACAAC900468262 /* SceneDelegate.swift in Sources */ = {isa = PBXBuildFile; fileRef = 766C128B2AACAAC900468262 /* SceneDelegate.swift */; };
		766C128E2AACAAC900468262 /* ViewController.swift in Sources */ = {isa = PBXBuildFile; fileRef = 766C128D2AACAAC900468262 /* ViewController.swift */; };
		766C12932AACAACA00468262 /* Assets.xcassets in Resources */ = {isa = PBXBuildFile; fileRef = 766C12922AACAACA00468262 /* Assets.xcassets */; };
		766C12962AACAACA00468262 /* LaunchScreen.storyboard in Resources */ = {isa = PBXBuildFile; fileRef = 766C12942AACAACA00468262 /* LaunchScreen.storyboard */; };
		766C129F2AACAAEE00468262 /* DataMock.json in Resources */ = {isa = PBXBuildFile; fileRef = 766C129E2AACAAEE00468262 /* DataMock.json */; };
		766C12A52AACAB0800468262 /* HomeVC.swift in Sources */ = {isa = PBXBuildFile; fileRef = 766C12A22AACAB0800468262 /* HomeVC.swift */; };
		766C12A62AACAB0800468262 /* HomeScreen.swift in Sources */ = {isa = PBXBuildFile; fileRef = 766C12A42AACAB0800468262 /* HomeScreen.swift */; };
/* End PBXBuildFile section */

/* Begin PBXFileReference section */
		766C12862AACAAC900468262 /* Requisicao.app */ = {isa = PBXFileReference; explicitFileType = wrapper.application; includeInIndex = 0; path = Requisicao.app; sourceTree = BUILT_PRODUCTS_DIR; };
		766C12892AACAAC900468262 /* AppDelegate.swift */ = {isa = PBXFileReference; lastKnownFileType = sourcecode.swift; path = AppDelegate.swift; sourceTree = "<group>"; };
		766C128B2AACAAC900468262 /* SceneDelegate.swift */ = {isa = PBXFileReference; lastKnownFileType = sourcecode.swift; path = SceneDelegate.swift; sourceTree = "<group>"; };
		766C128D2AACAAC900468262 /* ViewController.swift */ = {isa = PBXFileReference; lastKnownFileType = sourcecode.swift; path = ViewController.swift; sourceTree = "<group>"; };
		766C12922AACAACA00468262 /* Assets.xcassets */ = {isa = PBXFileReference; lastKnownFileType = folder.assetcatalog; path = Assets.xcassets; sourceTree = "<group>"; };
		766C12952AACAACA00468262 /* Base */ = {isa = PBXFileReference; lastKnownFileType = file.storyboard; name = Base; path = Base.lproj/LaunchScreen.storyboard; sourceTree = "<group>"; };
		766C12972AACAACA00468262 /* Info.plist */ = {isa = PBXFileReference; lastKnownFileType = text.plist.xml; path = Info.plist; sourceTree = "<group>"; };
		766C129E2AACAAEE00468262 /* DataMock.json */ = {isa = PBXFileReference; fileEncoding = 4; lastKnownFileType = text.json; path = DataMock.json; sourceTree = "<group>"; };
		766C12A22AACAB0800468262 /* HomeVC.swift */ = {isa = PBXFileReference; fileEncoding = 4; lastKnownFileType = sourcecode.swift; path = HomeVC.swift; sourceTree = "<group>"; };
		766C12A42AACAB0800468262 /* HomeScreen.swift */ = {isa = PBXFileReference; fileEncoding = 4; lastKnownFileType = sourcecode.swift; path = HomeScreen.swift; sourceTree = "<group>"; };
/* End PBXFileReference section */

/* Begin PBXFrameworksBuildPhase section */
		766C12832AACAAC900468262 /* Frameworks */ = {
			isa = PBXFrameworksBuildPhase;
			buildActionMask = 2147483647;
			files = (
			);
			runOnlyForDeploymentPostprocessing = 0;
		};
/* End PBXFrameworksBuildPhase section */

/* Begin PBXGroup section */
		766C127D2AACAAC900468262 = {
			isa = PBXGroup;
			children = (
				766C12882AACAAC900468262 /* Requisicao */,
				766C12872AACAAC900468262 /* Products */,
			);
			sourceTree = "<group>";
		};
		766C12872AACAAC900468262 /* Products */ = {
			isa = PBXGroup;
			children = (
				766C12862AACAAC900468262 /* Requisicao.app */,
			);
			name = Products;
			sourceTree = "<group>";
		};
		766C12882AACAAC900468262 /* Requisicao */ = {
			isa = PBXGroup;
			children = (
				766C129D2AACAAEE00468262 /* JSON */,
				766C12A72AACAB0D00468262 /* Feature */,
				766C12892AACAAC900468262 /* AppDelegate.swift */,
				766C128B2AACAAC900468262 /* SceneDelegate.swift */,
				766C128D2AACAAC900468262 /* ViewController.swift */,
				766C12922AACAACA00468262 /* Assets.xcassets */,
				766C12942AACAACA00468262 /* LaunchScreen.storyboard */,
				766C12972AACAACA00468262 /* Info.plist */,
			);
			path = Requisicao;
			sourceTree = "<group>";
		};
		766C129D2AACAAEE00468262 /* JSON */ = {
			isa = PBXGroup;
			children = (
				766C129E2AACAAEE00468262 /* DataMock.json */,
			);
			path = JSON;
			sourceTree = "<group>";
		};
		766C12A02AACAB0800468262 /* Home */ = {
			isa = PBXGroup;
			children = (
				766C12A12AACAB0800468262 /* HomeVC */,
				766C12A32AACAB0800468262 /* HomeScreen */,
			);
			path = Home;
			sourceTree = "<group>";
		};
		766C12A12AACAB0800468262 /* HomeVC */ = {
			isa = PBXGroup;
			children = (
				766C12A22AACAB0800468262 /* HomeVC.swift */,
			);
			path = HomeVC;
			sourceTree = "<group>";
		};
		766C12A32AACAB0800468262 /* HomeScreen */ = {
			isa = PBXGroup;
			children = (
				766C12A42AACAB0800468262 /* HomeScreen.swift */,
			);
			path = HomeScreen;
			sourceTree = "<group>";
		};
		766C12A72AACAB0D00468262 /* Feature */ = {
			isa = PBXGroup;
			children = (
				766C12A02AACAB0800468262 /* Home */,
			);
			path = Feature;
			sourceTree = "<group>";
		};
/* End PBXGroup section */

/* Begin PBXNativeTarget section */
		766C12852AACAAC900468262 /* Requisicao */ = {
			isa = PBXNativeTarget;
			buildConfigurationList = 766C129A2AACAACA00468262 /* Build configuration list for PBXNativeTarget "Requisicao" */;
			buildPhases = (
				766C12822AACAAC900468262 /* Sources */,
				766C12832AACAAC900468262 /* Frameworks */,
				766C12842AACAAC900468262 /* Resources */,
			);
			buildRules = (
			);
			dependencies = (
			);
			name = Requisicao;
			productName = Requisicao;
			productReference = 766C12862AACAAC900468262 /* Requisicao.app */;
			productType = "com.apple.product-type.application";
		};
/* End PBXNativeTarget section */

/* Begin PBXProject section */
		766C127E2AACAAC900468262 /* Project object */ = {
			isa = PBXProject;
			attributes = {
				BuildIndependentTargetsInParallel = 1;
				LastSwiftUpdateCheck = 1430;
				LastUpgradeCheck = 1430;
				TargetAttributes = {
					766C12852AACAAC900468262 = {
						CreatedOnToolsVersion = 14.3.1;
					};
				};
			};
			buildConfigurationList = 766C12812AACAAC900468262 /* Build configuration list for PBXProject "Requisicao" */;
			compatibilityVersion = "Xcode 14.0";
			developmentRegion = en;
			hasScannedForEncodings = 0;
			knownRegions = (
				en,
				Base,
			);
			mainGroup = 766C127D2AACAAC900468262;
			productRefGroup = 766C12872AACAAC900468262 /* Products */;
			projectDirPath = "";
			projectRoot = "";
			targets = (
				766C12852AACAAC900468262 /* Requisicao */,
			);
		};
/* End PBXProject section */

/* Begin PBXResourcesBuildPhase section */
		766C12842AACAAC900468262 /* Resources */ = {
			isa = PBXResourcesBuildPhase;
			buildActionMask = 2147483647;
			files = (
				766C129F2AACAAEE00468262 /* DataMock.json in Resources */,
				766C12962AACAACA00468262 /* LaunchScreen.storyboard in Resources */,
				766C12932AACAACA00468262 /* Assets.xcassets in Resources */,
			);
			runOnlyForDeploymentPostprocessing = 0;
		};
/* End PBXResourcesBuildPhase section */

/* Begin PBXSourcesBuildPhase section */
		766C12822AACAAC900468262 /* Sources */ = {
			isa = PBXSourcesBuildPhase;
			buildActionMask = 2147483647;
			files = (
				766C128E2AACAAC900468262 /* ViewController.swift in Sources */,
				766C12A62AACAB0800468262 /* HomeScreen.swift in Sources */,
				766C12A52AACAB0800468262 /* HomeVC.swift in Sources */,
				766C128A2AACAAC900468262 /* AppDelegate.swift in Sources */,
				766C128C2AACAAC900468262 /* SceneDelegate.swift in Sources */,
			);
			runOnlyForDeploymentPostprocessing = 0;
		};
/* End PBXSourcesBuildPhase section */

/* Begin PBXVariantGroup section */
		766C12942AACAACA00468262 /* LaunchScreen.storyboard */ = {
			isa = PBXVariantGroup;
			children = (
				766C12952AACAACA00468262 /* Base */,
			);
			name = LaunchScreen.storyboard;
			sourceTree = "<group>";
		};
/* End PBXVariantGroup section */

/* Begin XCBuildConfiguration section */
		766C12982AACAACA00468262 /* Debug */ = {
			isa = XCBuildConfiguration;
			buildSettings = {
				ALWAYS_SEARCH_USER_PATHS = NO;
				CLANG_ANALYZER_NONNULL = YES;
				CLANG_ANALYZER_NUMBER_OBJECT_CONVERSION = YES_AGGRESSIVE;
				CLANG_CXX_LANGUAGE_STANDARD = "gnu++20";
				CLANG_ENABLE_MODULES = YES;
				CLANG_ENABLE_OBJC_ARC = YES;
				CLANG_ENABLE_OBJC_WEAK = YES;
				CLANG_WARN_BLOCK_CAPTURE_AUTORELEASING = YES;
				CLANG_WARN_BOOL_CONVERSION = YES;
				CLANG_WARN_COMMA = YES;
				CLANG_WARN_CONSTANT_CONVERSION = YES;
				CLANG_WARN_DEPRECATED_OBJC_IMPLEMENTATIONS = YES;
				CLANG_WARN_DIRECT_OBJC_ISA_USAGE = YES_ERROR;
				CLANG_WARN_DOCUMENTATION_COMMENTS = YES;
				CLANG_WARN_EMPTY_BODY = YES;
				CLANG_WARN_ENUM_CONVERSION = YES;
				CLANG_WARN_INFINITE_RECURSION = YES;
				CLANG_WARN_INT_CONVERSION = YES;
				CLANG_WARN_NON_LITERAL_NULL_CONVERSION = YES;
				CLANG_WARN_OBJC_IMPLICIT_RETAIN_SELF = YES;
				CLANG_WARN_OBJC_LITERAL_CONVERSION = YES;
				CLANG_WARN_OBJC_ROOT_CLASS = YES_ERROR;
				CLANG_WARN_QUOTED_INCLUDE_IN_FRAMEWORK_HEADER = YES;
				CLANG_WARN_RANGE_LOOP_ANALYSIS = YES;
				CLANG_WARN_STRICT_PROTOTYPES = YES;
				CLANG_WARN_SUSPICIOUS_MOVE = YES;
				CLANG_WARN_UNGUARDED_AVAILABILITY = YES_AGGRESSIVE;
				CLANG_WARN_UNREACHABLE_CODE = YES;
				CLANG_WARN__DUPLICATE_METHOD_MATCH = YES;
				COPY_PHASE_STRIP = NO;
				DEBUG_INFORMATION_FORMAT = dwarf;
				ENABLE_STRICT_OBJC_MSGSEND = YES;
				ENABLE_TESTABILITY = YES;
				GCC_C_LANGUAGE_STANDARD = gnu11;
				GCC_DYNAMIC_NO_PIC = NO;
				GCC_NO_COMMON_BLOCKS = YES;
				GCC_OPTIMIZATION_LEVEL = 0;
				GCC_PREPROCESSOR_DEFINITIONS = (
					"DEBUG=1",
					"$(inherited)",
				);
				GCC_WARN_64_TO_32_BIT_CONVERSION = YES;
				GCC_WARN_ABOUT_RETURN_TYPE = YES_ERROR;
				GCC_WARN_UNDECLARED_SELECTOR = YES;
				GCC_WARN_UNINITIALIZED_AUTOS = YES_AGGRESSIVE;
				GCC_WARN_UNUSED_FUNCTION = YES;
				GCC_WARN_UNUSED_VARIABLE = YES;
				IPHONEOS_DEPLOYMENT_TARGET = 16.4;
				MTL_ENABLE_DEBUG_INFO = INCLUDE_SOURCE;
				MTL_FAST_MATH = YES;
				ONLY_ACTIVE_ARCH = YES;
				SDKROOT = iphoneos;
				SWIFT_ACTIVE_COMPILATION_CONDITIONS = DEBUG;
				SWIFT_OPTIMIZATION_LEVEL = "-Onone";
			};
			name = Debug;
		};
		766C12992AACAACA00468262 /* Release */ = {
			isa = XCBuildConfiguration;
			buildSettings = {
				ALWAYS_SEARCH_USER_PATHS = NO;
				CLANG_ANALYZER_NONNULL = YES;
				CLANG_ANALYZER_NUMBER_OBJECT_CONVERSION = YES_AGGRESSIVE;
				CLANG_CXX_LANGUAGE_STANDARD = "gnu++20";
				CLANG_ENABLE_MODULES = YES;
				CLANG_ENABLE_OBJC_ARC = YES;
				CLANG_ENABLE_OBJC_WEAK = YES;
				CLANG_WARN_BLOCK_CAPTURE_AUTORELEASING = YES;
				CLANG_WARN_BOOL_CONVERSION = YES;
				CLANG_WARN_COMMA = YES;
				CLANG_WARN_CONSTANT_CONVERSION = YES;
				CLANG_WARN_DEPRECATED_OBJC_IMPLEMENTATIONS = YES;
				CLANG_WARN_DIRECT_OBJC_ISA_USAGE = YES_ERROR;
				CLANG_WARN_DOCUMENTATION_COMMENTS = YES;
				CLANG_WARN_EMPTY_BODY = YES;
				CLANG_WARN_ENUM_CONVERSION = YES;
				CLANG_WARN_INFINITE_RECURSION = YES;
				CLANG_WARN_INT_CONVERSION = YES;
				CLANG_WARN_NON_LITERAL_NULL_CONVERSION = YES;
				CLANG_WARN_OBJC_IMPLICIT_RETAIN_SELF = YES;
				CLANG_WARN_OBJC_LITERAL_CONVERSION = YES;
				CLANG_WARN_OBJC_ROOT_CLASS = YES_ERROR;
				CLANG_WARN_QUOTED_INCLUDE_IN_FRAMEWORK_HEADER = YES;
				CLANG_WARN_RANGE_LOOP_ANALYSIS = YES;
				CLANG_WARN_STRICT_PROTOTYPES = YES;
				CLANG_WARN_SUSPICIOUS_MOVE = YES;
				CLANG_WARN_UNGUARDED_AVAILABILITY = YES_AGGRESSIVE;
				CLANG_WARN_UNREACHABLE_CODE = YES;
				CLANG_WARN__DUPLICATE_METHOD_MATCH = YES;
				COPY_PHASE_STRIP = NO;
				DEBUG_INFORMATION_FORMAT = "dwarf-with-dsym";
				ENABLE_NS_ASSERTIONS = NO;
				ENABLE_STRICT_OBJC_MSGSEND = YES;
				GCC_C_LANGUAGE_STANDARD = gnu11;
				GCC_NO_COMMON_BLOCKS = YES;
				GCC_WARN_64_TO_32_BIT_CONVERSION = YES;
				GCC_WARN_ABOUT_RETURN_TYPE = YES_ERROR;
				GCC_WARN_UNDECLARED_SELECTOR = YES;
				GCC_WARN_UNINITIALIZED_AUTOS = YES_AGGRESSIVE;
				GCC_WARN_UNUSED_FUNCTION = YES;
				GCC_WARN_UNUSED_VARIABLE = YES;
				IPHONEOS_DEPLOYMENT_TARGET = 16.4;
				MTL_ENABLE_DEBUG_INFO = NO;
				MTL_FAST_MATH = YES;
				SDKROOT = iphoneos;
				SWIFT_COMPILATION_MODE = wholemodule;
				SWIFT_OPTIMIZATION_LEVEL = "-O";
				VALIDATE_PRODUCT = YES;
			};
			name = Release;
		};
		766C129B2AACAACA00468262 /* Debug */ = {
			isa = XCBuildConfiguration;
			buildSettings = {
				ASSETCATALOG_COMPILER_APPICON_NAME = AppIcon;
				ASSETCATALOG_COMPILER_GLOBAL_ACCENT_COLOR_NAME = AccentColor;
				CODE_SIGN_STYLE = Automatic;
				CURRENT_PROJECT_VERSION = 1;
				DEVELOPMENT_TEAM = B4R97N34U3;
				GENERATE_INFOPLIST_FILE = YES;
				INFOPLIST_FILE = Requisicao/Info.plist;
				INFOPLIST_KEY_UIApplicationSupportsIndirectInputEvents = YES;
				INFOPLIST_KEY_UILaunchStoryboardName = LaunchScreen;
				INFOPLIST_KEY_UIMainStoryboardFile = "";
				INFOPLIST_KEY_UISupportedInterfaceOrientations_iPad = "UIInterfaceOrientationPortrait UIInterfaceOrientationPortraitUpsideDown UIInterfaceOrientationLandscapeLeft UIInterfaceOrientationLandscapeRight";
				INFOPLIST_KEY_UISupportedInterfaceOrientations_iPhone = "UIInterfaceOrientationPortrait UIInterfaceOrientationLandscapeLeft UIInterfaceOrientationLandscapeRight";
				LD_RUNPATH_SEARCH_PATHS = (
					"$(inherited)",
					"@executable_path/Frameworks",
				);
				MARKETING_VERSION = 1.0;
				PRODUCT_BUNDLE_IDENTIFIER = a1Loudness.Requisicao;
				PRODUCT_NAME = "$(TARGET_NAME)";
				SWIFT_EMIT_LOC_STRINGS = YES;
				SWIFT_VERSION = 5.0;
				TARGETED_DEVICE_FAMILY = "1,2";
			};
			name = Debug;
		};
		766C129C2AACAACA00468262 /* Release */ = {
			isa = XCBuildConfiguration;
			buildSettings = {
				ASSETCATALOG_COMPILER_APPICON_NAME = AppIcon;
				ASSETCATALOG_COMPILER_GLOBAL_ACCENT_COLOR_NAME = AccentColor;
				CODE_SIGN_STYLE = Automatic;
				CURRENT_PROJECT_VERSION = 1;
				DEVELOPMENT_TEAM = B4R97N34U3;
				GENERATE_INFOPLIST_FILE = YES;
				INFOPLIST_FILE = Requisicao/Info.plist;
				INFOPLIST_KEY_UIApplicationSupportsIndirectInputEvents = YES;
				INFOPLIST_KEY_UILaunchStoryboardName = LaunchScreen;
				INFOPLIST_KEY_UIMainStoryboardFile = "";
				INFOPLIST_KEY_UISupportedInterfaceOrientations_iPad = "UIInterfaceOrientationPortrait UIInterfaceOrientationPortraitUpsideDown UIInterfaceOrientationLandscapeLeft UIInterfaceOrientationLandscapeRight";
				INFOPLIST_KEY_UISupportedInterfaceOrientations_iPhone = "UIInterfaceOrientationPortrait UIInterfaceOrientationLandscapeLeft UIInterfaceOrientationLandscapeRight";
				LD_RUNPATH_SEARCH_PATHS = (
					"$(inherited)",
					"@executable_path/Frameworks",
				);
				MARKETING_VERSION = 1.0;
				PRODUCT_BUNDLE_IDENTIFIER = a1Loudness.Requisicao;
				PRODUCT_NAME = "$(TARGET_NAME)";
				SWIFT_EMIT_LOC_STRINGS = YES;
				SWIFT_VERSION = 5.0;
				TARGETED_DEVICE_FAMILY = "1,2";
			};
			name = Release;
		};
/* End XCBuildConfiguration section */

/* Begin XCConfigurationList section */
		766C12812AACAAC900468262 /* Build configuration list for PBXProject "Requisicao" */ = {
			isa = XCConfigurationList;
			buildConfigurations = (
				766C12982AACAACA00468262 /* Debug */,
				766C12992AACAACA00468262 /* Release */,
			);
			defaultConfigurationIsVisible = 0;
			defaultConfigurationName = Release;
		};
		766C129A2AACAACA00468262 /* Build configuration list for PBXNativeTarget "Requisicao" */ = {
			isa = XCConfigurationList;
			buildConfigurations = (
				766C129B2AACAACA00468262 /* Debug */,
				766C129C2AACAACA00468262 /* Release */,
			);
			defaultConfigurationIsVisible = 0;
			defaultConfigurationName = Release;
		};
/* End XCConfigurationList section */
	};
	rootObject = 766C127E2AACAAC900468262 /* Project object */;
}
